Microsoft Visual Studio Solution File, Format Version 12.00
# Visual Studio Version 17
VisualStudioVersion = 17.5.2.0
MinimumVisualStudioVersion = 10.0.40219.1
Project("{FAE04EC0-301F-11D3-BF4B-00C04F79EFBC}") = "SecurityAuthenticationModule", "SecurityAuthenticationModule.csproj", "{551F1056-498A-DCB2-AD48-397AEFDE5F6E}"
EndProject
Global
	GlobalSection(SolutionConfigurationPlatforms) = preSolution
		Debug|Any CPU = Debug|Any CPU
		Release|Any CPU = Release|Any CPU
	EndGlobalSection
	GlobalSection(ProjectConfigurationPlatforms) = postSolution
		{551F1056-498A-DCB2-AD48-397AEFDE5F6E}.Debug|Any CPU.ActiveCfg = Debug|Any CPU
		{551F1056-498A-DCB2-AD48-397AEFDE5F6E}.Debug|Any CPU.Build.0 = Debug|Any CPU
		{551F1056-498A-DCB2-AD48-397AEFDE5F6E}.Release|Any CPU.ActiveCfg = Release|Any CPU
		{551F1056-498A-DCB2-AD48-397AEFDE5F6E}.Release|Any CPU.Build.0 = Release|Any CPU
	EndGlobalSection
	GlobalSection(SolutionProperties) = preSolution
		HideSolutionNode = FALSE
	EndGlobalSection
	GlobalSection(ExtensibilityGlobals) = postSolution
		SolutionGuid = {EFF75448-35CB-4A99-92D1-01B9D62E8AD7}
	EndGlobalSection
EndGlobal
